
Microsoft Visual Studio Solution File, Format Version 12.00
# Visual Studio Version 16
VisualStudioVersion = 16.0.31410.357
MinimumVisualStudioVersion = 10.0.40219.1
Project("{FAE04EC0-301F-11D3-BF4B-00C04F79EFBC}") = "BigSchool", "BigSchool\BigSchool.csproj", "{CF3ED41F-DBB5-44B7-89BD-15282F17CDB8}"
EndProject
Global
	GlobalSection(SolutionConfigurationPlatforms) = preSolution
		Debug|Any CPU = Debug|Any CPU
		Release|Any CPU = Release|Any CPU
	EndGlobalSection
	GlobalSection(ProjectConfigurationPlatforms) = postSolution
		{CF3ED41F-DBB5-44B7-89BD-15282F17CDB8}.Debug|Any CPU.ActiveCfg = Debug|Any CPU
		{CF3ED41F-DBB5-44B7-89BD-15282F17CDB8}.Debug|Any CPU.Build.0 = Debug|Any CPU
		{CF3ED41F-DBB5-44B7-89BD-15282F17CDB8}.Release|Any CPU.ActiveCfg = Release|Any CPU
		{CF3ED41F-DBB5-44B7-89BD-15282F17CDB8}.Release|Any CPU.Build.0 = Release|Any CPU
	EndGlobalSection
	GlobalSection(SolutionProperties) = preSolution
		HideSolutionNode = FALSE
	EndGlobalSection
	GlobalSection(ExtensibilityGlobals) = postSolution
		SolutionGuid = {9BFBD8CD-0B48-405D-A6B8-E343608D91D6}
	EndGlobalSection
EndGlobal
